// !$*UTF8*$!
{
	archiveVersion = 1;
	classes = {
	};
	objectVersion = 46;
	objects = {

/* Begin PBXBuildFile section */
		030FD0A41EF5A25600A59251 /* AppDelegate.swift in Sources */ = {isa = PBXBuildFile; fileRef = 030FD0A31EF5A25600A59251 /* AppDelegate.swift */; };
		030FD0A61EF5A25600A59251 /* ViewController.swift in Sources */ = {isa = PBXBuildFile; fileRef = 030FD0A51EF5A25600A59251 /* ViewController.swift */; };
		030FD0A91EF5A25600A59251 /* Main.storyboard in Resources */ = {isa = PBXBuildFile; fileRef = 030FD0A71EF5A25600A59251 /* Main.storyboard */; };
		030FD0AC1EF5A25600A59251 /* AVAudio.xcdatamodeld in Sources */ = {isa = PBXBuildFile; fileRef = 030FD0AA1EF5A25600A59251 /* AVAudio.xcdatamodeld */; };
		030FD0AE1EF5A25600A59251 /* Assets.xcassets in Resources */ = {isa = PBXBuildFile; fileRef = 030FD0AD1EF5A25600A59251 /* Assets.xcassets */; };
		030FD0B11EF5A25600A59251 /* LaunchScreen.storyboard in Resources */ = {isa = PBXBuildFile; fileRef = 030FD0AF1EF5A25600A59251 /* LaunchScreen.storyboard */; };
/* End PBXBuildFile section */

/* Begin PBXFileReference section */
		030FD0A01EF5A25600A59251 /* AVAudio.app */ = {isa = PBXFileReference; explicitFileType = wrapper.application; includeInIndex = 0; path = AVAudio.app; sourceTree = BUILT_PRODUCTS_DIR; };
		030FD0A31EF5A25600A59251 /* AppDelegate.swift */ = {isa = PBXFileReference; lastKnownFileType = sourcecode.swift; path = AppDelegate.swift; sourceTree = "<group>"; };
		030FD0A51EF5A25600A59251 /* ViewController.swift */ = {isa = PBXFileReference; lastKnownFileType = sourcecode.swift; path = ViewController.swift; sourceTree = "<group>"; };
		030FD0A81EF5A25600A59251 /* Base */ = {isa = PBXFileReference; lastKnownFileType = file.storyboard; name = Base; path = Base.lproj/Main.storyboard; sourceTree = "<group>"; };
		030FD0AB1EF5A25600A59251 /* AVAudio.xcdatamodel */ = {isa = PBXFileReference; lastKnownFileType = wrapper.xcdatamodel; path = AVAudio.xcdatamodel; sourceTree = "<group>"; };
		030FD0AD1EF5A25600A59251 /* Assets.xcassets */ = {isa = PBXFileReference; lastKnownFileType = folder.assetcatalog; path = Assets.xcassets; sourceTree = "<group>"; };
		030FD0B01EF5A25600A59251 /* Base */ = {isa = PBXFileReference; lastKnownFileType = file.storyboard; name = Base; path = Base.lproj/LaunchScreen.storyboard; sourceTree = "<group>"; };
		030FD0B21EF5A25600A59251 /* Info.plist */ = {isa = PBXFileReference; lastKnownFileType = text.plist.xml; path = Info.plist; sourceTree = "<group>"; };
/* End PBXFileReference section */

/* Begin PBXFrameworksBuildPhase section */
		030FD09D1EF5A25600A59251 /* Frameworks */ = {
			isa = PBXFrameworksBuildPhase;
			buildActionMask = 2147483647;
			files = (
			);
			runOnlyForDeploymentPostprocessing = 0;
		};
/* End PBXFrameworksBuildPhase section */

/* Begin PBXGroup section */
		030FD0971EF5A25600A59251 = {
			isa = PBXGroup;
			children = (
				030FD0A21EF5A25600A59251 /* AVAudio */,
				030FD0A11EF5A25600A59251 /* Products */,
			);
			sourceTree = "<group>";
		};
		030FD0A11EF5A25600A59251 /* Products */ = {
			isa = PBXGroup;
			children = (
				030FD0A01EF5A25600A59251 /* AVAudio.app */,
			);
			name = Products;
			sourceTree = "<group>";
		};
		030FD0A21EF5A25600A59251 /* AVAudio */ = {
			isa = PBXGroup;
			children = (
				030FD0A31EF5A25600A59251 /* AppDelegate.swift */,
				030FD0A51EF5A25600A59251 /* ViewController.swift */,
				030FD0A71EF5A25600A59251 /* Main.storyboard */,
				030FD0AD1EF5A25600A59251 /* Assets.xcassets */,
				030FD0AF1EF5A25600A59251 /* LaunchScreen.storyboard */,
				030FD0B21EF5A25600A59251 /* Info.plist */,
				030FD0AA1EF5A25600A59251 /* AVAudio.xcdatamodeld */,
			);
			path = AVAudio;
			sourceTree = "<group>";
		};
/* End PBXGroup section */

/* Begin PBXNativeTarget section */
		030FD09F1EF5A25600A59251 /* AVAudio */ = {
			isa = PBXNativeTarget;
			buildConfigurationList = 030FD0B51EF5A25600A59251 /* Build configuration list for PBXNativeTarget "AVAudio" */;
			buildPhases = (
				030FD09C1EF5A25600A59251 /* Sources */,
				030FD09D1EF5A25600A59251 /* Frameworks */,
				030FD09E1EF5A25600A59251 /* Resources */,
			);
			buildRules = (
			);
			dependencies = (
			);
			name = AVAudio;
			productName = AVAudio;
			productReference = 030FD0A01EF5A25600A59251 /* AVAudio.app */;
			productType = "com.apple.product-type.application";
		};
/* End PBXNativeTarget section */

/* Begin PBXProject section */
		030FD0981EF5A25600A59251 /* Project object */ = {
			isa = PBXProject;
			attributes = {
				LastSwiftUpdateCheck = 0830;
				LastUpgradeCheck = 0830;
				ORGANIZATIONNAME = josh;
				TargetAttributes = {
					030FD09F1EF5A25600A59251 = {
						CreatedOnToolsVersion = 8.3.3;
						DevelopmentTeam = L4WMJSL77G;
						ProvisioningStyle = Automatic;
					};
				};
			};
			buildConfigurationList = 030FD09B1EF5A25600A59251 /* Build configuration list for PBXProject "AVAudio" */;
			compatibilityVersion = "Xcode 3.2";
			developmentRegion = English;
			hasScannedForEncodings = 0;
			knownRegions = (
				en,
				Base,
			);
			mainGroup = 030FD0971EF5A25600A59251;
			productRefGroup = 030FD0A11EF5A25600A59251 /* Products */;
			projectDirPath = "";
			projectRoot = "";
			targets = (
				030FD09F1EF5A25600A59251 /* AVAudio */,
			);
		};
/* End PBXProject section */

/* Begin PBXResourcesBuildPhase section */
		030FD09E1EF5A25600A59251 /* Resources */ = {
			isa = PBXResourcesBuildPhase;
			buildActionMask = 2147483647;
			files = (
				030FD0B11EF5A25600A59251 /* LaunchScreen.storyboard in Resources */,
				030FD0AE1EF5A25600A59251 /* Assets.xcassets in Resources */,
				030FD0A91EF5A25600A59251 /* Main.storyboard in Resources */,
			);
			runOnlyForDeploymentPostprocessing = 0;
		};
/* End PBXResourcesBuildPhase section */

/* Begin PBXSourcesBuildPhase section */
		030FD09C1EF5A25600A59251 /* Sources */ = {
			isa = PBXSourcesBuildPhase;
			buildActionMask = 2147483647;
			files = (
				030FD0AC1EF5A25600A59251 /* AVAudio.xcdatamodeld in Sources */,
				030FD0A61EF5A25600A59251 /* ViewController.swift in Sources */,
				030FD0A41EF5A25600A59251 /* AppDelegate.swift in Sources */,
			);
			runOnlyForDeploymentPostprocessing = 0;
		};
/* End PBXSourcesBuildPhase section */

/* Begin PBXVariantGroup section */
		030FD0A71EF5A25600A59251 /* Main.storyboard */ = {
			isa = PBXVariantGroup;
			children = (
				030FD0A81EF5A25600A59251 /* Base */,
			);
			name = Main.storyboard;
			sourceTree = "<group>";
		};
		030FD0AF1EF5A25600A59251 /* LaunchScreen.storyboard */ = {
			isa = PBXVariantGroup;
			children = (
				030FD0B01EF5A25600A59251 /* Base */,
			);
			name = LaunchScreen.storyboard;
			sourceTree = "<group>";
		};
/* End PBXVariantGroup section */

/* Begin XCBuildConfiguration section */
		030FD0B31EF5A25600A59251 /* Debug */ = {
			isa = XCBuildConfiguration;
			buildSettings = {
				ALWAYS_SEARCH_USER_PATHS = NO;
				CLANG_ANALYZER_NONNULL = YES;
				CLANG_ANALYZER_NUMBER_OBJECT_CONVERSION = YES_AGGRESSIVE;
				CLANG_CXX_LANGUAGE_STANDARD = "gnu++0x";
				CLANG_CXX_LIBRARY = "libc++";
				CLANG_ENABLE_MODULES = YES;
				CLANG_ENABLE_OBJC_ARC = YES;
				CLANG_WARN_BOOL_CONVERSION = YES;
				CLANG_WARN_CONSTANT_CONVERSION = YES;
				CLANG_WARN_DIRECT_OBJC_ISA_USAGE = YES_ERROR;
				CLANG_WARN_DOCUMENTATION_COMMENTS = YES;
				CLANG_WARN_EMPTY_BODY = YES;
				CLANG_WARN_ENUM_CONVERSION = YES;
				CLANG_WARN_INFINITE_RECURSION = YES;
				CLANG_WARN_INT_CONVERSION = YES;
				CLANG_WARN_OBJC_ROOT_CLASS = YES_ERROR;
				CLANG_WARN_SUSPICIOUS_MOVE = YES;
				CLANG_WARN_UNREACHABLE_CODE = YES;
				CLANG_WARN__DUPLICATE_METHOD_MATCH = YES;
				"CODE_SIGN_IDENTITY[sdk=iphoneos*]" = "iPhone Developer";
				COPY_PHASE_STRIP = NO;
				DEBUG_INFORMATION_FORMAT = dwarf;
				ENABLE_STRICT_OBJC_MSGSEND = YES;
				ENABLE_TESTABILITY = YES;
				GCC_C_LANGUAGE_STANDARD = gnu99;
				GCC_DYNAMIC_NO_PIC = NO;
				GCC_NO_COMMON_BLOCKS = YES;
				GCC_OPTIMIZATION_LEVEL = 0;
				GCC_PREPROCESSOR_DEFINITIONS = (
					"DEBUG=1",
					"$(inherited)",
				);
				GCC_WARN_64_TO_32_BIT_CONVERSION = YES;
				GCC_WARN_ABOUT_RETURN_TYPE = YES_ERROR;
				GCC_WARN_UNDECLARED_SELECTOR = YES;
				GCC_WARN_UNINITIALIZED_AUTOS = YES_AGGRESSIVE;
				GCC_WARN_UNUSED_FUNCTION = YES;
				GCC_WARN_UNUSED_VARIABLE = YES;
				IPHONEOS_DEPLOYMENT_TARGET = 10.3;
				MTL_ENABLE_DEBUG_INFO = YES;
				ONLY_ACTIVE_ARCH = YES;
				SDKROOT = iphoneos;
				SWIFT_ACTIVE_COMPILATION_CONDITIONS = DEBUG;
				SWIFT_OPTIMIZATION_LEVEL = "-Onone";
				TARGETED_DEVICE_FAMILY = "1,2";
			};
			name = Debug;
		};
		030FD0B41EF5A25600A59251 /* Release */ = {
			isa = XCBuildConfiguration;
			buildSettings = {
				ALWAYS_SEARCH_USER_PATHS = NO;
				CLANG_ANALYZER_NONNULL = YES;
				CLANG_ANALYZER_NUMBER_OBJECT_CONVERSION = YES_AGGRESSIVE;
				CLANG_CXX_LANGUAGE_STANDARD = "gnu++0x";
				CLANG_CXX_LIBRARY = "libc++";
				CLANG_ENABLE_MODULES = YES;
				CLANG_ENABLE_OBJC_ARC = YES;
				CLANG_WARN_BOOL_CONVERSION = YES;
				CLANG_WARN_CONSTANT_CONVERSION = YES;
				CLANG_WARN_DIRECT_OBJC_ISA_USAGE = YES_ERROR;
				CLANG_WARN_DOCUMENTATION_COMMENTS = YES;
				CLANG_WARN_EMPTY_BODY = YES;
				CLANG_WARN_ENUM_CONVERSION = YES;
				CLANG_WARN_INFINITE_RECURSION = YES;
				CLANG_WARN_INT_CONVERSION = YES;
				CLANG_WARN_OBJC_ROOT_CLASS = YES_ERROR;
				CLANG_WARN_SUSPICIOUS_MOVE = YES;
				CLANG_WARN_UNREACHABLE_CODE = YES;
				CLANG_WARN__DUPLICATE_METHOD_MATCH = YES;
				"CODE_SIGN_IDENTITY[sdk=iphoneos*]" = "iPhone Developer";
				COPY_PHASE_STRIP = NO;
				DEBUG_INFORMATION_FORMAT = "dwarf-with-dsym";
				ENABLE_NS_ASSERTIONS = NO;
				ENABLE_STRICT_OBJC_MSGSEND = YES;
				GCC_C_LANGUAGE_STANDARD = gnu99;
				GCC_NO_COMMON_BLOCKS = YES;
				GCC_WARN_64_TO_32_BIT_CONVERSION = YES;
				GCC_WARN_ABOUT_RETURN_TYPE = YES_ERROR;
				GCC_WARN_UNDECLARED_SELECTOR = YES;
				GCC_WARN_UNINITIALIZED_AUTOS = YES_AGGRESSIVE;
				GCC_WARN_UNUSED_FUNCTION = YES;
				GCC_WARN_UNUSED_VARIABLE = YES;
				IPHONEOS_DEPLOYMENT_TARGET = 10.3;
				MTL_ENABLE_DEBUG_INFO = NO;
				SDKROOT = iphoneos;
				SWIFT_OPTIMIZATION_LEVEL = "-Owholemodule";
				TARGETED_DEVICE_FAMILY = "1,2";
				VALIDATE_PRODUCT = YES;
			};
			name = Release;
		};
		030FD0B61EF5A25600A59251 /* Debug */ = {
			isa = XCBuildConfiguration;
			buildSettings = {
				ASSETCATALOG_COMPILER_APPICON_NAME = AppIcon;
				DEVELOPMENT_TEAM = L4WMJSL77G;
				INFOPLIST_FILE = AVAudio/Info.plist;
				LD_RUNPATH_SEARCH_PATHS = "$(inherited) @executable_path/Frameworks";
				PRODUCT_BUNDLE_IDENTIFIER = josh.AVAudio;
				PRODUCT_NAME = "$(TARGET_NAME)";
				SWIFT_VERSION = 3.0;
			};
			name = Debug;
		};
		030FD0B71EF5A25600A59251 /* Release */ = {
			isa = XCBuildConfiguration;
			buildSettings = {
				ASSETCATALOG_COMPILER_APPICON_NAME = AppIcon;
				DEVELOPMENT_TEAM = L4WMJSL77G;
				INFOPLIST_FILE = AVAudio/Info.plist;
				LD_RUNPATH_SEARCH_PATHS = "$(inherited) @executable_path/Frameworks";
				PRODUCT_BUNDLE_IDENTIFIER = josh.AVAudio;
				PRODUCT_NAME = "$(TARGET_NAME)";
				SWIFT_VERSION = 3.0;
			};
			name = Release;
		};
/* End XCBuildConfiguration section */

/* Begin XCConfigurationList section */
		030FD09B1EF5A25600A59251 /* Build configuration list for PBXProject "AVAudio" */ = {
			isa = XCConfigurationList;
			buildConfigurations = (
				030FD0B31EF5A25600A59251 /* Debug */,
				030FD0B41EF5A25600A59251 /* Release */,
			);
			defaultConfigurationIsVisible = 0;
			defaultConfigurationName = Release;
		};
		030FD0B51EF5A25600A59251 /* Build configuration list for PBXNativeTarget "AVAudio" */ = {
			isa = XCConfigurationList;
			buildConfigurations = (
				030FD0B61EF5A25600A59251 /* Debug */,
				030FD0B71EF5A25600A59251 /* Release */,
			);
			defaultConfigurationIsVisible = 0;
		};
/* End XCConfigurationList section */

/* Begin XCVersionGroup section */
		030FD0AA1EF5A25600A59251 /* AVAudio.xcdatamodeld */ = {
			isa = XCVersionGroup;
			children = (
				030FD0AB1EF5A25600A59251 /* AVAudio.xcdatamodel */,
			);
			currentVersion = 030FD0AB1EF5A25600A59251 /* AVAudio.xcdatamodel */;
			path = AVAudio.xcdatamodeld;
			sourceTree = "<group>";
			versionGroupType = wrapper.xcdatamodel;
		};
/* End XCVersionGroup section */
	};
	rootObject = 030FD0981EF5A25600A59251 /* Project object */;
}
